
Microsoft Visual Studio Solution File, Format Version 12.00
# Visual Studio Version 17
VisualStudioVersion = 17.4.33213.308
MinimumVisualStudioVersion = 10.0.40219.1
Project("{FAE04EC0-301F-11D3-BF4B-00C04F79EFBC}") = "AspCrud", "AspCrud.csproj", "{6E9A51C4-B9A4-40A5-8F50-F2EF4D42310F}"
EndProject
Global
	GlobalSection(SolutionConfigurationPlatforms) = preSolution
		Debug|Any CPU = Debug|Any CPU
		Release|Any CPU = Release|Any CPU
	EndGlobalSection
	GlobalSection(ProjectConfigurationPlatforms) = postSolution
		{6E9A51C4-B9A4-40A5-8F50-F2EF4D42310F}.Debug|Any CPU.ActiveCfg = Debug|Any CPU
		{6E9A51C4-B9A4-40A5-8F50-F2EF4D42310F}.Debug|Any CPU.Build.0 = Debug|Any CPU
		{6E9A51C4-B9A4-40A5-8F50-F2EF4D42310F}.Release|Any CPU.ActiveCfg = Release|Any CPU
		{6E9A51C4-B9A4-40A5-8F50-F2EF4D42310F}.Release|Any CPU.Build.0 = Release|Any CPU
	EndGlobalSection
	GlobalSection(SolutionProperties) = preSolution
		HideSolutionNode = FALSE
	EndGlobalSection
	GlobalSection(ExtensibilityGlobals) = postSolution
		SolutionGuid = {91AD3BB2-E1B2-4726-AC6F-AFAB47161629}
	EndGlobalSection
EndGlobal
